
Microsoft Visual Studio Solution File, Format Version 12.00
# Visual Studio 15
VisualStudioVersion = 15.0.28307.902
MinimumVisualStudioVersion = 10.0.40219.1
Project("{FAE04EC0-301F-11D3-BF4B-00C04F79EFBC}") = "Azure Data Sync", "Azure Data Sync\Azure Data Sync.csproj", "{8D3903A0-8E99-475B-85D3-6B732687BDCA}"
EndProject
Global
	GlobalSection(SolutionConfigurationPlatforms) = preSolution
		Debug|Any CPU = Debug|Any CPU
		Release|Any CPU = Release|Any CPU
	EndGlobalSection
	GlobalSection(ProjectConfigurationPlatforms) = postSolution
		{8D3903A0-8E99-475B-85D3-6B732687BDCA}.Debug|Any CPU.ActiveCfg = Debug|Any CPU
		{8D3903A0-8E99-475B-85D3-6B732687BDCA}.Debug|Any CPU.Build.0 = Debug|Any CPU
		{8D3903A0-8E99-475B-85D3-6B732687BDCA}.Release|Any CPU.ActiveCfg = Release|Any CPU
		{8D3903A0-8E99-475B-85D3-6B732687BDCA}.Release|Any CPU.Build.0 = Release|Any CPU
	EndGlobalSection
	GlobalSection(SolutionProperties) = preSolution
		HideSolutionNode = FALSE
	EndGlobalSection
	GlobalSection(ExtensibilityGlobals) = postSolution
		SolutionGuid = {0CE03A2B-A444-486A-8E19-282843FFEB70}
	EndGlobalSection
EndGlobal
